{
  "name": "an-algorithm-a-day",
  "version": "1.0.0",
  "lockfileVersion": 1,
  "requires": true,
  "dependencies": {
    "@tsconfig/node10": {
      "version": "1.0.8",
      "resolved": "https://artifactory.paypalcorp.com/artifactory/api/npm/npm-all/@tsconfig/node10/-/node10-1.0.8.tgz",
      "integrity": "sha1-weToDW+WT77LM1nEO9SLQPfK2tk="
    },
    "@tsconfig/node12": {
      "version": "1.0.9",
      "resolved": "https://artifactory.paypalcorp.com/artifactory/api/npm/npm-all/@tsconfig/node12/-/node12-1.0.9.tgz",
      "integrity": "sha1-YsH23uLr2a6tgNw6+laBDljhoEw="
    },
    "@tsconfig/node14": {
      "version": "1.0.1",
      "resolved": "https://artifactory.paypalcorp.com/artifactory/api/npm/npm-all/@tsconfig/node14/-/node14-1.0.1.tgz",
      "integrity": "sha1-lfLRZ/+5uNIGiwsjUwL6/U33EfI="
    },
    "@tsconfig/node16": {
      "version": "1.0.2",
      "resolved": "https://artifactory.paypalcorp.com/artifactory/api/npm/npm-all/@tsconfig/node16/-/node16-1.0.2.tgz",
      "integrity": "sha1-Qjx3h30Fadsg4fyAiFrEEYMUAQ4="
    },
    "arg": {
      "version": "4.1.3",
      "resolved": "https://artifactory.paypalcorp.com/artifactory/api/npm/npm-all/arg/-/arg-4.1.3.tgz",
      "integrity": "sha1-Jp/HrVuOQstjyJbVZmAXJhwUQIk="
    },
    "balanced-match": {
      "version": "1.0.2",
      "resolved": "https://artifactory.paypalcorp.com/artifactory/api/npm/npm-all/balanced-match/-/balanced-match-1.0.2.tgz",
      "integrity": "sha1-6D46fj8wCzTLnYf2FfoMvzV2kO4=",
      "dev": true
    },
    "brace-expansion": {
      "version": "1.1.11",
      "resolved": "https://artifactory.paypalcorp.com/artifactory/api/npm/npm-all/brace-expansion/-/brace-expansion-1.1.11.tgz",
      "integrity": "sha1-PH/L9SnYcibz0vUrlm/1Jx60Qd0=",
      "dev": true,
      "requires": {
        "balanced-match": "^1.0.0",
        "concat-map": "0.0.1"
      }
    },
    "buffer-from": {
      "version": "1.1.1",
      "resolved": "https://artifactory.paypalcorp.com/artifactory/api/npm/npm-all/buffer-from/-/buffer-from-1.1.1.tgz",
      "integrity": "sha1-MnE7wCj3XAL9txDXx7zsHyxgcO8="
    },
    "concat-map": {
      "version": "0.0.1",
      "resolved": "https://artifactory.paypalcorp.com/artifactory/api/npm/npm-all/concat-map/-/concat-map-0.0.1.tgz",
      "integrity": "sha1-2Klr13/Wjfd5OnMDajug1UBdR3s=",
      "dev": true
    },
    "create-require": {
      "version": "1.1.1",
      "resolved": "https://artifactory.paypalcorp.com/artifactory/api/npm/npm-all/create-require/-/create-require-1.1.1.tgz",
      "integrity": "sha1-wdfo8eX2z8n/ZfnNNS03NIdWwzM="
    },
    "diff": {
      "version": "4.0.2",
      "resolved": "https://artifactory.paypalcorp.com/artifactory/api/npm/npm-all/diff/-/diff-4.0.2.tgz",
      "integrity": "sha1-YPOuy4nV+uUgwRqhnvwruYKq3n0="
    },
    "fs.realpath": {
      "version": "1.0.0",
      "resolved": "https://artifactory.paypalcorp.com/artifactory/api/npm/npm-all/fs.realpath/-/fs.realpath-1.0.0.tgz",
      "integrity": "sha1-FQStJSMVjKpA20onh8sBQRmU6k8=",
      "dev": true
    },
    "glob": {
      "version": "7.1.7",
      "resolved": "https://artifactory.paypalcorp.com/artifactory/api/npm/npm-all/glob/-/glob-7.1.7.tgz",
      "integrity": "sha1-Oxk+kjPwHULQs/eClLvutBj5SpA=",
      "dev": true,
      "requires": {
        "fs.realpath": "^1.0.0",
        "inflight": "^1.0.4",
        "inherits": "2",
        "minimatch": "^3.0.4",
        "once": "^1.3.0",
        "path-is-absolute": "^1.0.0"
      }
    },
    "handlebars": {
      "version": "4.7.7",
      "resolved": "https://artifactory.paypalcorp.com/artifactory/api/npm/npm-all/handlebars/-/handlebars-4.7.7.tgz",
      "integrity": "sha1-nOM0FqrQLb1sj6+oJA1dmABJRaE=",
      "dev": true,
      "requires": {
        "minimist": "^1.2.5",
        "neo-async": "^2.6.0",
        "source-map": "^0.6.1",
        "uglify-js": "^3.1.4",
        "wordwrap": "^1.0.0"
      }
    },
    "inflight": {
      "version": "1.0.6",
      "resolved": "https://artifactory.paypalcorp.com/artifactory/api/npm/npm-all/inflight/-/inflight-1.0.6.tgz",
      "integrity": "sha1-Sb1jMdfQLQwJvJEKEHW6gWW1bfk=",
      "dev": true,
      "requires": {
        "once": "^1.3.0",
        "wrappy": "1"
      }
    },
    "inherits": {
      "version": "2.0.4",
      "resolved": "https://artifactory.paypalcorp.com/artifactory/api/npm/npm-all/inherits/-/inherits-2.0.4.tgz",
      "integrity": "sha1-D6LGT5MpF8NDOg3tVTY6rjdBa3w=",
      "dev": true
    },
    "json5": {
      "version": "2.2.0",
      "resolved": "https://artifactory.paypalcorp.com/artifactory/api/npm/npm-all/json5/-/json5-2.2.0.tgz",
      "integrity": "sha1-Lf7+cgxrpSXZ69kJlQ8FFTFsiaM=",
      "dev": true,
      "requires": {
        "minimist": "^1.2.5"
      }
    },
    "lru-cache": {
      "version": "5.1.1",
      "resolved": "https://artifactory.paypalcorp.com/artifactory/api/npm/npm-all/lru-cache/-/lru-cache-5.1.1.tgz",
      "integrity": "sha1-HaJ+ZxAnGUdpXa9oSOhH8B2EuSA=",
      "dev": true,
      "requires": {
        "yallist": "^3.0.2"
      }
    },
    "lunr": {
      "version": "2.3.9",
      "resolved": "https://artifactory.paypalcorp.com/artifactory/api/npm/npm-all/lunr/-/lunr-2.3.9.tgz",
      "integrity": "sha1-GLEjFCgyM33W6WTfGlp3B7JdNeE=",
      "dev": true
    },
    "make-error": {
      "version": "1.3.6",
      "resolved": "https://artifactory.paypalcorp.com/artifactory/api/npm/npm-all/make-error/-/make-error-1.3.6.tgz",
      "integrity": "sha1-LrLjfqm2fEiR9oShOUeZr0hM96I="
    },
    "marked": {
      "version": "2.1.3",
      "resolved": "https://artifactory.paypalcorp.com/artifactory/api/npm/npm-all/marked/-/marked-2.1.3.tgz",
      "integrity": "sha1-vQF872Qxck/Usn4GV/XOsUv/N1M=",
      "dev": true
    },
    "minimatch": {
      "version": "3.0.4",
      "resolved": "https://artifactory.paypalcorp.com/artifactory/api/npm/npm-all/minimatch/-/minimatch-3.0.4.tgz",
      "integrity": "sha1-UWbihkV/AzBgZL5Ul+jbsMPTIIM=",
      "dev": true,
      "requires": {
        "brace-expansion": "^1.1.7"
      }
    },
    "minimist": {
      "version": "1.2.5",
      "resolved": "https://artifactory.paypalcorp.com/artifactory/api/npm/npm-all/minimist/-/minimist-1.2.5.tgz",
      "integrity": "sha1-Z9ZgFLZqaoqqDAg8X9WN9OTpdgI=",
      "dev": true
    },
    "neo-async": {
      "version": "2.6.2",
      "resolved": "https://artifactory.paypalcorp.com/artifactory/api/npm/npm-all/neo-async/-/neo-async-2.6.2.tgz",
      "integrity": "sha1-tKr7k+OustgXTKU88WOrfXMIMF8=",
      "dev": true
    },
    "once": {
      "version": "1.4.0",
      "resolved": "https://artifactory.paypalcorp.com/artifactory/api/npm/npm-all/once/-/once-1.4.0.tgz",
      "integrity": "sha1-WDsap3WWHUsROsF9nFC6753Xa9E=",
      "dev": true,
      "requires": {
        "wrappy": "1"
      }
    },
    "onigasm": {
      "version": "2.2.5",
      "resolved": "https://artifactory.paypalcorp.com/artifactory/api/npm/npm-all/onigasm/-/onigasm-2.2.5.tgz",
      "integrity": "sha1-zE0qeaD6C2TK7B9MfqNnWFpnaJI=",
      "dev": true,
      "requires": {
        "lru-cache": "^5.1.1"
      }
    },
    "path-is-absolute": {
      "version": "1.0.1",
      "resolved": "https://artifactory.paypalcorp.com/artifactory/api/npm/npm-all/path-is-absolute/-/path-is-absolute-1.0.1.tgz",
      "integrity": "sha1-F0uSaHNVNP+8es5r9TpanhtcX18=",
      "dev": true
    },
    "progress": {
      "version": "2.0.3",
      "resolved": "https://artifactory.paypalcorp.com/artifactory/api/npm/npm-all/progress/-/progress-2.0.3.tgz",
      "integrity": "sha1-foz42PW48jnBvGi+tOt4Vn1XLvg=",
      "dev": true
    },
    "shiki": {
      "version": "0.9.5",
      "resolved": "https://artifactory.paypalcorp.com/artifactory/api/npm/npm-all/shiki/-/shiki-0.9.5.tgz",
      "integrity": "sha1-yNqBoF+/0YEHKcaHOQGnKacuxUE=",
      "dev": true,
      "requires": {
        "json5": "^2.2.0",
        "onigasm": "^2.2.5",
        "vscode-textmate": "5.2.0"
      }
    },
    "source-map": {
      "version": "0.6.1",
      "resolved": "https://artifactory.paypalcorp.com/artifactory/api/npm/npm-all/source-map/-/source-map-0.6.1.tgz",
      "integrity": "sha1-dHIq8y6WFOnCh6jQu95IteLxomM="
    },
    "source-map-support": {
      "version": "0.5.19",
      "resolved": "https://artifactory.paypalcorp.com/artifactory/api/npm/npm-all/source-map-support/-/source-map-support-0.5.19.tgz",
      "integrity": "sha1-qYti+G3K9PZzmWSMCFKRq56P7WE=",
      "requires": {
        "buffer-from": "^1.0.0",
        "source-map": "^0.6.0"
      }
    },
    "ts-node": {
      "version": "10.1.0",
      "resolved": "https://artifactory.paypalcorp.com/artifactory/api/npm/npm-all/ts-node/-/ts-node-10.1.0.tgz",
      "integrity": "sha1-5lbYrTthEGk4qGf2nDmoum78lm4=",
      "requires": {
        "@tsconfig/node10": "^1.0.7",
        "@tsconfig/node12": "^1.0.7",
        "@tsconfig/node14": "^1.0.0",
        "@tsconfig/node16": "^1.0.1",
        "arg": "^4.1.0",
        "create-require": "^1.1.0",
        "diff": "^4.0.1",
        "make-error": "^1.1.1",
        "source-map-support": "^0.5.17",
        "yn": "3.1.1"
      }
    },
    "typedoc": {
      "version": "0.21.4",
      "resolved": "https://artifactory.paypalcorp.com/artifactory/api/npm/npm-all/typedoc/-/typedoc-0.21.4.tgz",
      "integrity": "sha1-/O08/9wwGA22Cl2/7J27snPLWzE=",
      "dev": true,
      "requires": {
        "glob": "^7.1.7",
        "handlebars": "^4.7.7",
        "lunr": "^2.3.9",
        "marked": "^2.1.1",
        "minimatch": "^3.0.0",
        "progress": "^2.0.3",
        "shiki": "^0.9.3",
        "typedoc-default-themes": "^0.12.10"
      }
    },
    "typedoc-default-themes": {
      "version": "0.12.10",
      "resolved": "https://artifactory.paypalcorp.com/artifactory/api/npm/npm-all/typedoc-default-themes/-/typedoc-default-themes-0.12.10.tgz",
      "integrity": "sha1-YUxCIv5kJlfzdpPqYsrU2v7d+EM=",
      "dev": true
    },
    "typescript": {
      "version": "4.3.5",
      "resolved": "https://artifactory.paypalcorp.com/artifactory/api/npm/npm-all/typescript/-/typescript-4.3.5.tgz",
      "integrity": "sha1-TRw3zBbok5c8RaBohrcRMjTxGfQ="
    },
    "uglify-js": {
      "version": "3.14.1",
      "resolved": "https://artifactory.paypalcorp.com/artifactory/api/npm/npm-all/uglify-js/-/uglify-js-3.14.1.tgz",
      "integrity": "sha1-4suf4025y0z3410dJt/qKOCafQY=",
      "dev": true,
      "optional": true
    },
    "vscode-textmate": {
      "version": "5.2.0",
      "resolved": "https://artifactory.paypalcorp.com/artifactory/api/npm/npm-all/vscode-textmate/-/vscode-textmate-5.2.0.tgz",
      "integrity": "sha1-AfAXYKOR6CIv5PM/vMvRrXGu104=",
      "dev": true
    },
    "wordwrap": {
      "version": "1.0.0",
      "resolved": "https://artifactory.paypalcorp.com/artifactory/api/npm/npm-all/wordwrap/-/wordwrap-1.0.0.tgz",
      "integrity": "sha1-J1hIEIkUVqQXHI0CJkQa3pDLyus=",
      "dev": true
    },
    "wrappy": {
      "version": "1.0.2",
      "resolved": "https://artifactory.paypalcorp.com/artifactory/api/npm/npm-all/wrappy/-/wrappy-1.0.2.tgz",
      "integrity": "sha1-tSQ9jz7BqjXxNkYFvA0QNuMKtp8=",
      "dev": true
    },
    "yallist": {
      "version": "3.1.1",
      "resolved": "https://artifactory.paypalcorp.com/artifactory/api/npm/npm-all/yallist/-/yallist-3.1.1.tgz",
      "integrity": "sha1-27fa+b/YusmrRev2ArjLrQ1dCP0=",
      "dev": true
    },
    "yn": {
      "version": "3.1.1",
      "resolved": "https://artifactory.paypalcorp.com/artifactory/api/npm/npm-all/yn/-/yn-3.1.1.tgz",
      "integrity": "sha1-HodAGgnXZ8HV6rJqbkwYUYLS61A="
    }
  }
}
